
Microsoft Visual Studio Solution File, Format Version 12.00
# Visual Studio 15
VisualStudioVersion = 15.0.28010.2003
MinimumVisualStudioVersion = 10.0.40219.1
Project("{8BC9CEB8-8B4A-11D0-8D11-00A0C91BC942}") = "Project3", "Project3\Project3.vcxproj", "{24D59EAB-C274-4203-9622-06C799E5C82A}"
EndProject
Global
	GlobalSection(SolutionConfigurationPlatforms) = preSolution
		Debug|x64 = Debug|x64
		Debug|x86 = Debug|x86
		Release|x64 = Release|x64
		Release|x86 = Release|x86
	EndGlobalSection
	GlobalSection(ProjectConfigurationPlatforms) = postSolution
		{24D59EAB-C274-4203-9622-06C799E5C82A}.Debug|x64.ActiveCfg = Debug|x64
		{24D59EAB-C274-4203-9622-06C799E5C82A}.Debug|x64.Build.0 = Debug|x64
		{24D59EAB-C274-4203-9622-06C799E5C82A}.Debug|x86.ActiveCfg = Debug|Win32
		{24D59EAB-C274-4203-9622-06C799E5C82A}.Debug|x86.Build.0 = Debug|Win32
		{24D59EAB-C274-4203-9622-06C799E5C82A}.Release|x64.ActiveCfg = Release|x64
		{24D59EAB-C274-4203-9622-06C799E5C82A}.Release|x64.Build.0 = Release|x64
		{24D59EAB-C274-4203-9622-06C799E5C82A}.Release|x86.ActiveCfg = Release|Win32
		{24D59EAB-C274-4203-9622-06C799E5C82A}.Release|x86.Build.0 = Release|Win32
	EndGlobalSection
	GlobalSection(SolutionProperties) = preSolution
		HideSolutionNode = FALSE
	EndGlobalSection
	GlobalSection(ExtensibilityGlobals) = postSolution
		SolutionGuid = {A79536D1-CCAC-49D9-91C5-4E025AA3D0B5}
	EndGlobalSection
EndGlobal
